
Microsoft Visual Studio Solution File, Format Version 12.00
# Visual Studio Version 17
VisualStudioVersion = 17.4.33205.214
MinimumVisualStudioVersion = 10.0.40219.1
Project("{FAE04EC0-301F-11D3-BF4B-00C04F79EFBC}") = "ConsoleApp231229_wlasneWyjatki", "ConsoleApp231229_wlasneWyjatki.csproj", "{3DCA65CE-811B-411B-9F3F-1E30A26E3D14}"
EndProject
Global
	GlobalSection(SolutionConfigurationPlatforms) = preSolution
		Debug|Any CPU = Debug|Any CPU
		Release|Any CPU = Release|Any CPU
	EndGlobalSection
	GlobalSection(ProjectConfigurationPlatforms) = postSolution
		{3DCA65CE-811B-411B-9F3F-1E30A26E3D14}.Debug|Any CPU.ActiveCfg = Debug|Any CPU
		{3DCA65CE-811B-411B-9F3F-1E30A26E3D14}.Debug|Any CPU.Build.0 = Debug|Any CPU
		{3DCA65CE-811B-411B-9F3F-1E30A26E3D14}.Release|Any CPU.ActiveCfg = Release|Any CPU
		{3DCA65CE-811B-411B-9F3F-1E30A26E3D14}.Release|Any CPU.Build.0 = Release|Any CPU
	EndGlobalSection
	GlobalSection(SolutionProperties) = preSolution
		HideSolutionNode = FALSE
	EndGlobalSection
	GlobalSection(ExtensibilityGlobals) = postSolution
		SolutionGuid = {A9035639-398E-48CF-B643-9D1E686BC0A3}
	EndGlobalSection
EndGlobal
